
Microsoft Visual Studio Solution File, Format Version 12.00
# Visual Studio Version 17
VisualStudioVersion = 17.0.31903.59
MinimumVisualStudioVersion = 10.0.40219.1
Project("{2150E333-8FDC-42A3-9474-1A3956D46DE8}") = "src", "src", "{827E0CD3-B72D-47B6-A68D-7590B98EB39B}"
EndProject
Project("{FAE04EC0-301F-11D3-BF4B-00C04F79EFBC}") = "ProgrammaticMcp", "src\ProgrammaticMcp\ProgrammaticMcp.csproj", "{5C707DE9-2B1C-4685-B4AF-10C6FE2A2074}"
EndProject
Project("{FAE04EC0-301F-11D3-BF4B-00C04F79EFBC}") = "ProgrammaticMcp.Jint", "src\ProgrammaticMcp.Jint\ProgrammaticMcp.Jint.csproj", "{4F5911EB-AAEB-4BB3-8DF1-418813BDC080}"
EndProject
Project("{FAE04EC0-301F-11D3-BF4B-00C04F79EFBC}") = "ProgrammaticMcp.AspNetCore", "src\ProgrammaticMcp.AspNetCore\ProgrammaticMcp.AspNetCore.csproj", "{2AC790A8-F422-4DBB-B70E-C01E2624267C}"
EndProject
Project("{2150E333-8FDC-42A3-9474-1A3956D46DE8}") = "samples", "samples", "{5D20AA90-6969-D8BD-9DCD-8634F4692FDA}"
EndProject
Project("{FAE04EC0-301F-11D3-BF4B-00C04F79EFBC}") = "ProgrammaticMcp.SampleServer", "samples\ProgrammaticMcp.SampleServer\ProgrammaticMcp.SampleServer.csproj", "{1AD64252-664E-46D8-83F3-1C600C511954}"
EndProject
Project("{2150E333-8FDC-42A3-9474-1A3956D46DE8}") = "tests", "tests", "{0AB3BF05-4346-4AA6-1389-037BE0695223}"
EndProject
Project("{FAE04EC0-301F-11D3-BF4B-00C04F79EFBC}") = "ProgrammaticMcp.Tests", "tests\ProgrammaticMcp.Tests\ProgrammaticMcp.Tests.csproj", "{C1A077E3-52A7-48D3-BA13-AB419732CD33}"
EndProject
Project("{FAE04EC0-301F-11D3-BF4B-00C04F79EFBC}") = "ProgrammaticMcp.Jint.Tests", "tests\ProgrammaticMcp.Jint.Tests\ProgrammaticMcp.Jint.Tests.csproj", "{8CFFAFFA-0DB3-4CD0-9173-F5A992D0FA26}"
EndProject
Project("{FAE04EC0-301F-11D3-BF4B-00C04F79EFBC}") = "ProgrammaticMcp.AspNetCore.Tests", "tests\ProgrammaticMcp.AspNetCore.Tests\ProgrammaticMcp.AspNetCore.Tests.csproj", "{D87C6AA9-04E0-4E07-ADE5-A9B1300F21CD}"
EndProject
Global
	GlobalSection(SolutionConfigurationPlatforms) = preSolution
		Debug|Any CPU = Debug|Any CPU
		Debug|x64 = Debug|x64
		Debug|x86 = Debug|x86
		Release|Any CPU = Release|Any CPU
		Release|x64 = Release|x64
		Release|x86 = Release|x86
	EndGlobalSection
	GlobalSection(ProjectConfigurationPlatforms) = postSolution
		{5C707DE9-2B1C-4685-B4AF-10C6FE2A2074}.Debug|Any CPU.ActiveCfg = Debug|Any CPU
		{5C707DE9-2B1C-4685-B4AF-10C6FE2A2074}.Debug|Any CPU.Build.0 = Debug|Any CPU
		{5C707DE9-2B1C-4685-B4AF-10C6FE2A2074}.Debug|x64.ActiveCfg = Debug|Any CPU
		{5C707DE9-2B1C-4685-B4AF-10C6FE2A2074}.Debug|x64.Build.0 = Debug|Any CPU
		{5C707DE9-2B1C-4685-B4AF-10C6FE2A2074}.Debug|x86.ActiveCfg = Debug|Any CPU
		{5C707DE9-2B1C-4685-B4AF-10C6FE2A2074}.Debug|x86.Build.0 = Debug|Any CPU
		{5C707DE9-2B1C-4685-B4AF-10C6FE2A2074}.Release|Any CPU.ActiveCfg = Release|Any CPU
		{5C707DE9-2B1C-4685-B4AF-10C6FE2A2074}.Release|Any CPU.Build.0 = Release|Any CPU
		{5C707DE9-2B1C-4685-B4AF-10C6FE2A2074}.Release|x64.ActiveCfg = Release|Any CPU
		{5C707DE9-2B1C-4685-B4AF-10C6FE2A2074}.Release|x64.Build.0 = Release|Any CPU
		{5C707DE9-2B1C-4685-B4AF-10C6FE2A2074}.Release|x86.ActiveCfg = Release|Any CPU
		{5C707DE9-2B1C-4685-B4AF-10C6FE2A2074}.Release|x86.Build.0 = Release|Any CPU
		{4F5911EB-AAEB-4BB3-8DF1-418813BDC080}.Debug|Any CPU.ActiveCfg = Debug|Any CPU
		{4F5911EB-AAEB-4BB3-8DF1-418813BDC080}.Debug|Any CPU.Build.0 = Debug|Any CPU
		{4F5911EB-AAEB-4BB3-8DF1-418813BDC080}.Debug|x64.ActiveCfg = Debug|Any CPU
		{4F5911EB-AAEB-4BB3-8DF1-418813BDC080}.Debug|x64.Build.0 = Debug|Any CPU
		{4F5911EB-AAEB-4BB3-8DF1-418813BDC080}.Debug|x86.ActiveCfg = Debug|Any CPU
		{4F5911EB-AAEB-4BB3-8DF1-418813BDC080}.Debug|x86.Build.0 = Debug|Any CPU
		{4F5911EB-AAEB-4BB3-8DF1-418813BDC080}.Release|Any CPU.ActiveCfg = Release|Any CPU
		{4F5911EB-AAEB-4BB3-8DF1-418813BDC080}.Release|Any CPU.Build.0 = Release|Any CPU
		{4F5911EB-AAEB-4BB3-8DF1-418813BDC080}.Release|x64.ActiveCfg = Release|Any CPU
		{4F5911EB-AAEB-4BB3-8DF1-418813BDC080}.Release|x64.Build.0 = Release|Any CPU
		{4F5911EB-AAEB-4BB3-8DF1-418813BDC080}.Release|x86.ActiveCfg = Release|Any CPU
		{4F5911EB-AAEB-4BB3-8DF1-418813BDC080}.Release|x86.Build.0 = Release|Any CPU
		{2AC790A8-F422-4DBB-B70E-C01E2624267C}.Debug|Any CPU.ActiveCfg = Debug|Any CPU
		{2AC790A8-F422-4DBB-B70E-C01E2624267C}.Debug|Any CPU.Build.0 = Debug|Any CPU
		{2AC790A8-F422-4DBB-B70E-C01E2624267C}.Debug|x64.ActiveCfg = Debug|Any CPU
		{2AC790A8-F422-4DBB-B70E-C01E2624267C}.Debug|x64.Build.0 = Debug|Any CPU
		{2AC790A8-F422-4DBB-B70E-C01E2624267C}.Debug|x86.ActiveCfg = Debug|Any CPU
		{2AC790A8-F422-4DBB-B70E-C01E2624267C}.Debug|x86.Build.0 = Debug|Any CPU
		{2AC790A8-F422-4DBB-B70E-C01E2624267C}.Release|Any CPU.ActiveCfg = Release|Any CPU
		{2AC790A8-F422-4DBB-B70E-C01E2624267C}.Release|Any CPU.Build.0 = Release|Any CPU
		{2AC790A8-F422-4DBB-B70E-C01E2624267C}.Release|x64.ActiveCfg = Release|Any CPU
		{2AC790A8-F422-4DBB-B70E-C01E2624267C}.Release|x64.Build.0 = Release|Any CPU
		{2AC790A8-F422-4DBB-B70E-C01E2624267C}.Release|x86.ActiveCfg = Release|Any CPU
		{2AC790A8-F422-4DBB-B70E-C01E2624267C}.Release|x86.Build.0 = Release|Any CPU
		{1AD64252-664E-46D8-83F3-1C600C511954}.Debug|Any CPU.ActiveCfg = Debug|Any CPU
		{1AD64252-664E-46D8-83F3-1C600C511954}.Debug|Any CPU.Build.0 = Debug|Any CPU
		{1AD64252-664E-46D8-83F3-1C600C511954}.Debug|x64.ActiveCfg = Debug|Any CPU
		{1AD64252-664E-46D8-83F3-1C600C511954}.Debug|x64.Build.0 = Debug|Any CPU
		{1AD64252-664E-46D8-83F3-1C600C511954}.Debug|x86.ActiveCfg = Debug|Any CPU
		{1AD64252-664E-46D8-83F3-1C600C511954}.Debug|x86.Build.0 = Debug|Any CPU
		{1AD64252-664E-46D8-83F3-1C600C511954}.Release|Any CPU.ActiveCfg = Release|Any CPU
		{1AD64252-664E-46D8-83F3-1C600C511954}.Release|Any CPU.Build.0 = Release|Any CPU
		{1AD64252-664E-46D8-83F3-1C600C511954}.Release|x64.ActiveCfg = Release|Any CPU
		{1AD64252-664E-46D8-83F3-1C600C511954}.Release|x64.Build.0 = Release|Any CPU
		{1AD64252-664E-46D8-83F3-1C600C511954}.Release|x86.ActiveCfg = Release|Any CPU
		{1AD64252-664E-46D8-83F3-1C600C511954}.Release|x86.Build.0 = Release|Any CPU
		{C1A077E3-52A7-48D3-BA13-AB419732CD33}.Debug|Any CPU.ActiveCfg = Debug|Any CPU
		{C1A077E3-52A7-48D3-BA13-AB419732CD33}.Debug|Any CPU.Build.0 = Debug|Any CPU
		{C1A077E3-52A7-48D3-BA13-AB419732CD33}.Debug|x64.ActiveCfg = Debug|Any CPU
		{C1A077E3-52A7-48D3-BA13-AB419732CD33}.Debug|x64.Build.0 = Debug|Any CPU
		{C1A077E3-52A7-48D3-BA13-AB419732CD33}.Debug|x86.ActiveCfg = Debug|Any CPU
		{C1A077E3-52A7-48D3-BA13-AB419732CD33}.Debug|x86.Build.0 = Debug|Any CPU
		{C1A077E3-52A7-48D3-BA13-AB419732CD33}.Release|Any CPU.ActiveCfg = Release|Any CPU
		{C1A077E3-52A7-48D3-BA13-AB419732CD33}.Release|Any CPU.Build.0 = Release|Any CPU
		{C1A077E3-52A7-48D3-BA13-AB419732CD33}.Release|x64.ActiveCfg = Release|Any CPU
		{C1A077E3-52A7-48D3-BA13-AB419732CD33}.Release|x64.Build.0 = Release|Any CPU
		{C1A077E3-52A7-48D3-BA13-AB419732CD33}.Release|x86.ActiveCfg = Release|Any CPU
		{C1A077E3-52A7-48D3-BA13-AB419732CD33}.Release|x86.Build.0 = Release|Any CPU
		{8CFFAFFA-0DB3-4CD0-9173-F5A992D0FA26}.Debug|Any CPU.ActiveCfg = Debug|Any CPU
		{8CFFAFFA-0DB3-4CD0-9173-F5A992D0FA26}.Debug|Any CPU.Build.0 = Debug|Any CPU
		{8CFFAFFA-0DB3-4CD0-9173-F5A992D0FA26}.Debug|x64.ActiveCfg = Debug|Any CPU
		{8CFFAFFA-0DB3-4CD0-9173-F5A992D0FA26}.Debug|x64.Build.0 = Debug|Any CPU
		{8CFFAFFA-0DB3-4CD0-9173-F5A992D0FA26}.Debug|x86.ActiveCfg = Debug|Any CPU
		{8CFFAFFA-0DB3-4CD0-9173-F5A992D0FA26}.Debug|x86.Build.0 = Debug|Any CPU
		{8CFFAFFA-0DB3-4CD0-9173-F5A992D0FA26}.Release|Any CPU.ActiveCfg = Release|Any CPU
		{8CFFAFFA-0DB3-4CD0-9173-F5A992D0FA26}.Release|Any CPU.Build.0 = Release|Any CPU
		{8CFFAFFA-0DB3-4CD0-9173-F5A992D0FA26}.Release|x64.ActiveCfg = Release|Any CPU
		{8CFFAFFA-0DB3-4CD0-9173-F5A992D0FA26}.Release|x64.Build.0 = Release|Any CPU
		{8CFFAFFA-0DB3-4CD0-9173-F5A992D0FA26}.Release|x86.ActiveCfg = Release|Any CPU
		{8CFFAFFA-0DB3-4CD0-9173-F5A992D0FA26}.Release|x86.Build.0 = Release|Any CPU
		{D87C6AA9-04E0-4E07-ADE5-A9B1300F21CD}.Debug|Any CPU.ActiveCfg = Debug|Any CPU
		{D87C6AA9-04E0-4E07-ADE5-A9B1300F21CD}.Debug|Any CPU.Build.0 = Debug|Any CPU
		{D87C6AA9-04E0-4E07-ADE5-A9B1300F21CD}.Debug|x64.ActiveCfg = Debug|Any CPU
		{D87C6AA9-04E0-4E07-ADE5-A9B1300F21CD}.Debug|x64.Build.0 = Debug|Any CPU
		{D87C6AA9-04E0-4E07-ADE5-A9B1300F21CD}.Debug|x86.ActiveCfg = Debug|Any CPU
		{D87C6AA9-04E0-4E07-ADE5-A9B1300F21CD}.Debug|x86.Build.0 = Debug|Any CPU
		{D87C6AA9-04E0-4E07-ADE5-A9B1300F21CD}.Release|Any CPU.ActiveCfg = Release|Any CPU
		{D87C6AA9-04E0-4E07-ADE5-A9B1300F21CD}.Release|Any CPU.Build.0 = Release|Any CPU
		{D87C6AA9-04E0-4E07-ADE5-A9B1300F21CD}.Release|x64.ActiveCfg = Release|Any CPU
		{D87C6AA9-04E0-4E07-ADE5-A9B1300F21CD}.Release|x64.Build.0 = Release|Any CPU
		{D87C6AA9-04E0-4E07-ADE5-A9B1300F21CD}.Release|x86.ActiveCfg = Release|Any CPU
		{D87C6AA9-04E0-4E07-ADE5-A9B1300F21CD}.Release|x86.Build.0 = Release|Any CPU
	EndGlobalSection
	GlobalSection(SolutionProperties) = preSolution
		HideSolutionNode = FALSE
	EndGlobalSection
	GlobalSection(NestedProjects) = preSolution
		{5C707DE9-2B1C-4685-B4AF-10C6FE2A2074} = {827E0CD3-B72D-47B6-A68D-7590B98EB39B}
		{4F5911EB-AAEB-4BB3-8DF1-418813BDC080} = {827E0CD3-B72D-47B6-A68D-7590B98EB39B}
		{2AC790A8-F422-4DBB-B70E-C01E2624267C} = {827E0CD3-B72D-47B6-A68D-7590B98EB39B}
		{1AD64252-664E-46D8-83F3-1C600C511954} = {5D20AA90-6969-D8BD-9DCD-8634F4692FDA}
		{C1A077E3-52A7-48D3-BA13-AB419732CD33} = {0AB3BF05-4346-4AA6-1389-037BE0695223}
		{8CFFAFFA-0DB3-4CD0-9173-F5A992D0FA26} = {0AB3BF05-4346-4AA6-1389-037BE0695223}
		{D87C6AA9-04E0-4E07-ADE5-A9B1300F21CD} = {0AB3BF05-4346-4AA6-1389-037BE0695223}
	EndGlobalSection
EndGlobal
